
Microsoft Visual Studio Solution File, Format Version 12.00
# Visual Studio Version 17
VisualStudioVersion = 17.4.33205.214
MinimumVisualStudioVersion = 10.0.40219.1
Project("{9A19103F-16F7-4668-BE54-9A1E7A4F7556}") = "SportStore", "SportStore.csproj", "{03B4D18C-26EA-4D95-AAC2-80CF9360BF6B}"
EndProject
Global
	GlobalSection(SolutionConfigurationPlatforms) = preSolution
		Debug|Any CPU = Debug|Any CPU
		Release|Any CPU = Release|Any CPU
	EndGlobalSection
	GlobalSection(ProjectConfigurationPlatforms) = postSolution
		{03B4D18C-26EA-4D95-AAC2-80CF9360BF6B}.Debug|Any CPU.ActiveCfg = Debug|Any CPU
		{03B4D18C-26EA-4D95-AAC2-80CF9360BF6B}.Debug|Any CPU.Build.0 = Debug|Any CPU
		{03B4D18C-26EA-4D95-AAC2-80CF9360BF6B}.Release|Any CPU.ActiveCfg = Release|Any CPU
		{03B4D18C-26EA-4D95-AAC2-80CF9360BF6B}.Release|Any CPU.Build.0 = Release|Any CPU
	EndGlobalSection
	GlobalSection(SolutionProperties) = preSolution
		HideSolutionNode = FALSE
	EndGlobalSection
	GlobalSection(ExtensibilityGlobals) = postSolution
		SolutionGuid = {5639392C-C45F-4942-88CB-CF1E4B3A2C76}
	EndGlobalSection
EndGlobal
